// !$*UTF8*$!
{
	archiveVersion = 1;
	classes = {
	};
	objectVersion = 50;
	objects = {

/* Begin PBXBuildFile section */
		8E50E8B724D0108000243324 /* AppDelegate.swift in Sources */ = {isa = PBXBuildFile; fileRef = 8E50E8B624D0108000243324 /* AppDelegate.swift */; };
		8E50E8B924D0108000243324 /* SceneDelegate.swift in Sources */ = {isa = PBXBuildFile; fileRef = 8E50E8B824D0108000243324 /* SceneDelegate.swift */; };
		8E50E8BB24D0108000243324 /* ViewController.swift in Sources */ = {isa = PBXBuildFile; fileRef = 8E50E8BA24D0108000243324 /* ViewController.swift */; };
		8E50E8BE24D0108000243324 /* Main.storyboard in Resources */ = {isa = PBXBuildFile; fileRef = 8E50E8BC24D0108000243324 /* Main.storyboard */; };
		8E50E8C024D0108200243324 /* Assets.xcassets in Resources */ = {isa = PBXBuildFile; fileRef = 8E50E8BF24D0108200243324 /* Assets.xcassets */; };
		8E50E8C324D0108200243324 /* LaunchScreen.storyboard in Resources */ = {isa = PBXBuildFile; fileRef = 8E50E8C124D0108200243324 /* LaunchScreen.storyboard */; };
		8E50E8CB24D010A300243324 /* ListViewController.swift in Sources */ = {isa = PBXBuildFile; fileRef = 8E50E8CA24D010A300243324 /* ListViewController.swift */; };
/* End PBXBuildFile section */

/* Begin PBXFileReference section */
		8E50E8B324D0108000243324 /* SampleRxSwift.app */ = {isa = PBXFileReference; explicitFileType = wrapper.application; includeInIndex = 0; path = SampleRxSwift.app; sourceTree = BUILT_PRODUCTS_DIR; };
		8E50E8B624D0108000243324 /* AppDelegate.swift */ = {isa = PBXFileReference; lastKnownFileType = sourcecode.swift; path = AppDelegate.swift; sourceTree = "<group>"; };
		8E50E8B824D0108000243324 /* SceneDelegate.swift */ = {isa = PBXFileReference; lastKnownFileType = sourcecode.swift; path = SceneDelegate.swift; sourceTree = "<group>"; };
		8E50E8BA24D0108000243324 /* ViewController.swift */ = {isa = PBXFileReference; lastKnownFileType = sourcecode.swift; path = ViewController.swift; sourceTree = "<group>"; };
		8E50E8BD24D0108000243324 /* Base */ = {isa = PBXFileReference; lastKnownFileType = file.storyboard; name = Base; path = Base.lproj/Main.storyboard; sourceTree = "<group>"; };
		8E50E8BF24D0108200243324 /* Assets.xcassets */ = {isa = PBXFileReference; lastKnownFileType = folder.assetcatalog; path = Assets.xcassets; sourceTree = "<group>"; };
		8E50E8C224D0108200243324 /* Base */ = {isa = PBXFileReference; lastKnownFileType = file.storyboard; name = Base; path = Base.lproj/LaunchScreen.storyboard; sourceTree = "<group>"; };
		8E50E8C424D0108200243324 /* Info.plist */ = {isa = PBXFileReference; lastKnownFileType = text.plist.xml; path = Info.plist; sourceTree = "<group>"; };
		8E50E8CA24D010A300243324 /* ListViewController.swift */ = {isa = PBXFileReference; lastKnownFileType = sourcecode.swift; path = ListViewController.swift; sourceTree = "<group>"; };
/* End PBXFileReference section */

/* Begin PBXFrameworksBuildPhase section */
		8E50E8B024D0108000243324 /* Frameworks */ = {
			isa = PBXFrameworksBuildPhase;
			buildActionMask = 2147483647;
			files = (
			);
			runOnlyForDeploymentPostprocessing = 0;
		};
/* End PBXFrameworksBuildPhase section */

/* Begin PBXGroup section */
		8E50E8AA24D0108000243324 = {
			isa = PBXGroup;
			children = (
				8E50E8B524D0108000243324 /* SampleRxSwift */,
				8E50E8B424D0108000243324 /* Products */,
			);
			sourceTree = "<group>";
		};
		8E50E8B424D0108000243324 /* Products */ = {
			isa = PBXGroup;
			children = (
				8E50E8B324D0108000243324 /* SampleRxSwift.app */,
			);
			name = Products;
			sourceTree = "<group>";
		};
		8E50E8B524D0108000243324 /* SampleRxSwift */ = {
			isa = PBXGroup;
			children = (
				8E50E8B624D0108000243324 /* AppDelegate.swift */,
				8E50E8B824D0108000243324 /* SceneDelegate.swift */,
				8E50E8BA24D0108000243324 /* ViewController.swift */,
				8E50E8CA24D010A300243324 /* ListViewController.swift */,
				8E50E8BC24D0108000243324 /* Main.storyboard */,
				8E50E8BF24D0108200243324 /* Assets.xcassets */,
				8E50E8C124D0108200243324 /* LaunchScreen.storyboard */,
				8E50E8C424D0108200243324 /* Info.plist */,
			);
			path = SampleRxSwift;
			sourceTree = "<group>";
		};
/* End PBXGroup section */

/* Begin PBXNativeTarget section */
		8E50E8B224D0108000243324 /* SampleRxSwift */ = {
			isa = PBXNativeTarget;
			buildConfigurationList = 8E50E8C724D0108200243324 /* Build configuration list for PBXNativeTarget "SampleRxSwift" */;
			buildPhases = (
				8E50E8AF24D0108000243324 /* Sources */,
				8E50E8B024D0108000243324 /* Frameworks */,
				8E50E8B124D0108000243324 /* Resources */,
			);
			buildRules = (
			);
			dependencies = (
			);
			name = SampleRxSwift;
			productName = SampleRxSwift;
			productReference = 8E50E8B324D0108000243324 /* SampleRxSwift.app */;
			productType = "com.apple.product-type.application";
		};
/* End PBXNativeTarget section */

/* Begin PBXProject section */
		8E50E8AB24D0108000243324 /* Project object */ = {
			isa = PBXProject;
			attributes = {
				LastSwiftUpdateCheck = 1140;
				LastUpgradeCheck = 1140;
				ORGANIZATIONNAME = "Roy Cruz";
				TargetAttributes = {
					8E50E8B224D0108000243324 = {
						CreatedOnToolsVersion = 11.4.1;
					};
				};
			};
			buildConfigurationList = 8E50E8AE24D0108000243324 /* Build configuration list for PBXProject "SampleRxSwift" */;
			compatibilityVersion = "Xcode 9.3";
			developmentRegion = en;
			hasScannedForEncodings = 0;
			knownRegions = (
				en,
				Base,
			);
			mainGroup = 8E50E8AA24D0108000243324;
			productRefGroup = 8E50E8B424D0108000243324 /* Products */;
			projectDirPath = "";
			projectRoot = "";
			targets = (
				8E50E8B224D0108000243324 /* SampleRxSwift */,
			);
		};
/* End PBXProject section */

/* Begin PBXResourcesBuildPhase section */
		8E50E8B124D0108000243324 /* Resources */ = {
			isa = PBXResourcesBuildPhase;
			buildActionMask = 2147483647;
			files = (
				8E50E8C324D0108200243324 /* LaunchScreen.storyboard in Resources */,
				8E50E8C024D0108200243324 /* Assets.xcassets in Resources */,
				8E50E8BE24D0108000243324 /* Main.storyboard in Resources */,
			);
			runOnlyForDeploymentPostprocessing = 0;
		};
/* End PBXResourcesBuildPhase section */

/* Begin PBXSourcesBuildPhase section */
		8E50E8AF24D0108000243324 /* Sources */ = {
			isa = PBXSourcesBuildPhase;
			buildActionMask = 2147483647;
			files = (
				8E50E8BB24D0108000243324 /* ViewController.swift in Sources */,
				8E50E8B724D0108000243324 /* AppDelegate.swift in Sources */,
				8E50E8CB24D010A300243324 /* ListViewController.swift in Sources */,
				8E50E8B924D0108000243324 /* SceneDelegate.swift in Sources */,
			);
			runOnlyForDeploymentPostprocessing = 0;
		};
/* End PBXSourcesBuildPhase section */

/* Begin PBXVariantGroup section */
		8E50E8BC24D0108000243324 /* Main.storyboard */ = {
			isa = PBXVariantGroup;
			children = (
				8E50E8BD24D0108000243324 /* Base */,
			);
			name = Main.storyboard;
			sourceTree = "<group>";
		};
		8E50E8C124D0108200243324 /* LaunchScreen.storyboard */ = {
			isa = PBXVariantGroup;
			children = (
				8E50E8C224D0108200243324 /* Base */,
			);
			name = LaunchScreen.storyboard;
			sourceTree = "<group>";
		};
/* End PBXVariantGroup section */

/* Begin XCBuildConfiguration section */
		8E50E8C524D0108200243324 /* Debug */ = {
			isa = XCBuildConfiguration;
			buildSettings = {
				ALWAYS_SEARCH_USER_PATHS = NO;
				CLANG_ANALYZER_NONNULL = YES;
				CLANG_ANALYZER_NUMBER_OBJECT_CONVERSION = YES_AGGRESSIVE;
				CLANG_CXX_LANGUAGE_STANDARD = "gnu++14";
				CLANG_CXX_LIBRARY = "libc++";
				CLANG_ENABLE_MODULES = YES;
				CLANG_ENABLE_OBJC_ARC = YES;
				CLANG_ENABLE_OBJC_WEAK = YES;
				CLANG_WARN_BLOCK_CAPTURE_AUTORELEASING = YES;
				CLANG_WARN_BOOL_CONVERSION = YES;
				CLANG_WARN_COMMA = YES;
				CLANG_WARN_CONSTANT_CONVERSION = YES;
				CLANG_WARN_DEPRECATED_OBJC_IMPLEMENTATIONS = YES;
				CLANG_WARN_DIRECT_OBJC_ISA_USAGE = YES_ERROR;
				CLANG_WARN_DOCUMENTATION_COMMENTS = YES;
				CLANG_WARN_EMPTY_BODY = YES;
				CLANG_WARN_ENUM_CONVERSION = YES;
				CLANG_WARN_INFINITE_RECURSION = YES;
				CLANG_WARN_INT_CONVERSION = YES;
				CLANG_WARN_NON_LITERAL_NULL_CONVERSION = YES;
				CLANG_WARN_OBJC_IMPLICIT_RETAIN_SELF = YES;
				CLANG_WARN_OBJC_LITERAL_CONVERSION = YES;
				CLANG_WARN_OBJC_ROOT_CLASS = YES_ERROR;
				CLANG_WARN_RANGE_LOOP_ANALYSIS = YES;
				CLANG_WARN_STRICT_PROTOTYPES = YES;
				CLANG_WARN_SUSPICIOUS_MOVE = YES;
				CLANG_WARN_UNGUARDED_AVAILABILITY = YES_AGGRESSIVE;
				CLANG_WARN_UNREACHABLE_CODE = YES;
				CLANG_WARN__DUPLICATE_METHOD_MATCH = YES;
				COPY_PHASE_STRIP = NO;
				DEBUG_INFORMATION_FORMAT = dwarf;
				ENABLE_STRICT_OBJC_MSGSEND = YES;
				ENABLE_TESTABILITY = YES;
				GCC_C_LANGUAGE_STANDARD = gnu11;
				GCC_DYNAMIC_NO_PIC = NO;
				GCC_NO_COMMON_BLOCKS = YES;
				GCC_OPTIMIZATION_LEVEL = 0;
				GCC_PREPROCESSOR_DEFINITIONS = (
					"DEBUG=1",
					"$(inherited)",
				);
				GCC_WARN_64_TO_32_BIT_CONVERSION = YES;
				GCC_WARN_ABOUT_RETURN_TYPE = YES_ERROR;
				GCC_WARN_UNDECLARED_SELECTOR = YES;
				GCC_WARN_UNINITIALIZED_AUTOS = YES_AGGRESSIVE;
				GCC_WARN_UNUSED_FUNCTION = YES;
				GCC_WARN_UNUSED_VARIABLE = YES;
				IPHONEOS_DEPLOYMENT_TARGET = 13.4;
				MTL_ENABLE_DEBUG_INFO = INCLUDE_SOURCE;
				MTL_FAST_MATH = YES;
				ONLY_ACTIVE_ARCH = YES;
				SDKROOT = iphoneos;
				SWIFT_ACTIVE_COMPILATION_CONDITIONS = DEBUG;
				SWIFT_OPTIMIZATION_LEVEL = "-Onone";
			};
			name = Debug;
		};
		8E50E8C624D0108200243324 /* Release */ = {
			isa = XCBuildConfiguration;
			buildSettings = {
				ALWAYS_SEARCH_USER_PATHS = NO;
				CLANG_ANALYZER_NONNULL = YES;
				CLANG_ANALYZER_NUMBER_OBJECT_CONVERSION = YES_AGGRESSIVE;
				CLANG_CXX_LANGUAGE_STANDARD = "gnu++14";
				CLANG_CXX_LIBRARY = "libc++";
				CLANG_ENABLE_MODULES = YES;
				CLANG_ENABLE_OBJC_ARC = YES;
				CLANG_ENABLE_OBJC_WEAK = YES;
				CLANG_WARN_BLOCK_CAPTURE_AUTORELEASING = YES;
				CLANG_WARN_BOOL_CONVERSION = YES;
				CLANG_WARN_COMMA = YES;
				CLANG_WARN_CONSTANT_CONVERSION = YES;
				CLANG_WARN_DEPRECATED_OBJC_IMPLEMENTATIONS = YES;
				CLANG_WARN_DIRECT_OBJC_ISA_USAGE = YES_ERROR;
				CLANG_WARN_DOCUMENTATION_COMMENTS = YES;
				CLANG_WARN_EMPTY_BODY = YES;
				CLANG_WARN_ENUM_CONVERSION = YES;
				CLANG_WARN_INFINITE_RECURSION = YES;
				CLANG_WARN_INT_CONVERSION = YES;
				CLANG_WARN_NON_LITERAL_NULL_CONVERSION = YES;
				CLANG_WARN_OBJC_IMPLICIT_RETAIN_SELF = YES;
				CLANG_WARN_OBJC_LITERAL_CONVERSION = YES;
				CLANG_WARN_OBJC_ROOT_CLASS = YES_ERROR;
				CLANG_WARN_RANGE_LOOP_ANALYSIS = YES;
				CLANG_WARN_STRICT_PROTOTYPES = YES;
				CLANG_WARN_SUSPICIOUS_MOVE = YES;
				CLANG_WARN_UNGUARDED_AVAILABILITY = YES_AGGRESSIVE;
				CLANG_WARN_UNREACHABLE_CODE = YES;
				CLANG_WARN__DUPLICATE_METHOD_MATCH = YES;
				COPY_PHASE_STRIP = NO;
				DEBUG_INFORMATION_FORMAT = "dwarf-with-dsym";
				ENABLE_NS_ASSERTIONS = NO;
				ENABLE_STRICT_OBJC_MSGSEND = YES;
				GCC_C_LANGUAGE_STANDARD = gnu11;
				GCC_NO_COMMON_BLOCKS = YES;
				GCC_WARN_64_TO_32_BIT_CONVERSION = YES;
				GCC_WARN_ABOUT_RETURN_TYPE = YES_ERROR;
				GCC_WARN_UNDECLARED_SELECTOR = YES;
				GCC_WARN_UNINITIALIZED_AUTOS = YES_AGGRESSIVE;
				GCC_WARN_UNUSED_FUNCTION = YES;
				GCC_WARN_UNUSED_VARIABLE = YES;
				IPHONEOS_DEPLOYMENT_TARGET = 13.4;
				MTL_ENABLE_DEBUG_INFO = NO;
				MTL_FAST_MATH = YES;
				SDKROOT = iphoneos;
				SWIFT_COMPILATION_MODE = wholemodule;
				SWIFT_OPTIMIZATION_LEVEL = "-O";
				VALIDATE_PRODUCT = YES;
			};
			name = Release;
		};
		8E50E8C824D0108200243324 /* Debug */ = {
			isa = XCBuildConfiguration;
			buildSettings = {
				ASSETCATALOG_COMPILER_APPICON_NAME = AppIcon;
				CODE_SIGN_STYLE = Automatic;
				DEVELOPMENT_TEAM = VDV9282T7P;
				INFOPLIST_FILE = SampleRxSwift/Info.plist;
				LD_RUNPATH_SEARCH_PATHS = (
					"$(inherited)",
					"@executable_path/Frameworks",
				);
				PRODUCT_BUNDLE_IDENTIFIER = roycruz.SampleRxSwift;
				PRODUCT_NAME = "$(TARGET_NAME)";
				SWIFT_VERSION = 5.0;
				TARGETED_DEVICE_FAMILY = "1,2";
			};
			name = Debug;
		};
		8E50E8C924D0108200243324 /* Release */ = {
			isa = XCBuildConfiguration;
			buildSettings = {
				ASSETCATALOG_COMPILER_APPICON_NAME = AppIcon;
				CODE_SIGN_STYLE = Automatic;
				DEVELOPMENT_TEAM = VDV9282T7P;
				INFOPLIST_FILE = SampleRxSwift/Info.plist;
				LD_RUNPATH_SEARCH_PATHS = (
					"$(inherited)",
					"@executable_path/Frameworks",
				);
				PRODUCT_BUNDLE_IDENTIFIER = roycruz.SampleRxSwift;
				PRODUCT_NAME = "$(TARGET_NAME)";
				SWIFT_VERSION = 5.0;
				TARGETED_DEVICE_FAMILY = "1,2";
			};
			name = Release;
		};
/* End XCBuildConfiguration section */

/* Begin XCConfigurationList section */
		8E50E8AE24D0108000243324 /* Build configuration list for PBXProject "SampleRxSwift" */ = {
			isa = XCConfigurationList;
			buildConfigurations = (
				8E50E8C524D0108200243324 /* Debug */,
				8E50E8C624D0108200243324 /* Release */,
			);
			defaultConfigurationIsVisible = 0;
			defaultConfigurationName = Release;
		};
		8E50E8C724D0108200243324 /* Build configuration list for PBXNativeTarget "SampleRxSwift" */ = {
			isa = XCConfigurationList;
			buildConfigurations = (
				8E50E8C824D0108200243324 /* Debug */,
				8E50E8C924D0108200243324 /* Release */,
			);
			defaultConfigurationIsVisible = 0;
			defaultConfigurationName = Release;
		};
/* End XCConfigurationList section */
	};
	rootObject = 8E50E8AB24D0108000243324 /* Project object */;
}
